// !$*UTF8*$!
{
	archiveVersion = 1;
	classes = {
	};
	objectVersion = 50;
	objects = {

/* Begin PBXBuildFile section */
		A113548221A4377300E8FDD3 /* AppDelegate.swift in Sources */ = {isa = PBXBuildFile; fileRef = A113548121A4377300E8FDD3 /* AppDelegate.swift */; };
		A113548421A4377300E8FDD3 /* ViewController.swift in Sources */ = {isa = PBXBuildFile; fileRef = A113548321A4377300E8FDD3 /* ViewController.swift */; };
		A113548721A4377300E8FDD3 /* Main.storyboard in Resources */ = {isa = PBXBuildFile; fileRef = A113548521A4377300E8FDD3 /* Main.storyboard */; };
		A113548921A4377500E8FDD3 /* Assets.xcassets in Resources */ = {isa = PBXBuildFile; fileRef = A113548821A4377500E8FDD3 /* Assets.xcassets */; };
		A113548C21A4377500E8FDD3 /* LaunchScreen.storyboard in Resources */ = {isa = PBXBuildFile; fileRef = A113548A21A4377500E8FDD3 /* LaunchScreen.storyboard */; };
		A113549721A4377600E8FDD3 /* collection_view_one_ex1Tests.swift in Sources */ = {isa = PBXBuildFile; fileRef = A113549621A4377600E8FDD3 /* collection_view_one_ex1Tests.swift */; };
		A11354A221A4377600E8FDD3 /* collection_view_one_ex1UITests.swift in Sources */ = {isa = PBXBuildFile; fileRef = A11354A121A4377600E8FDD3 /* collection_view_one_ex1UITests.swift */; };
/* End PBXBuildFile section */

/* Begin PBXContainerItemProxy section */
		A113549321A4377600E8FDD3 /* PBXContainerItemProxy */ = {
			isa = PBXContainerItemProxy;
			containerPortal = A113547621A4377300E8FDD3 /* Project object */;
			proxyType = 1;
			remoteGlobalIDString = A113547D21A4377300E8FDD3;
			remoteInfo = "collection view one ex1";
		};
		A113549E21A4377600E8FDD3 /* PBXContainerItemProxy */ = {
			isa = PBXContainerItemProxy;
			containerPortal = A113547621A4377300E8FDD3 /* Project object */;
			proxyType = 1;
			remoteGlobalIDString = A113547D21A4377300E8FDD3;
			remoteInfo = "collection view one ex1";
		};
/* End PBXContainerItemProxy section */

/* Begin PBXFileReference section */
		A113547E21A4377300E8FDD3 /* collection view one ex1.app */ = {isa = PBXFileReference; explicitFileType = wrapper.application; includeInIndex = 0; path = "collection view one ex1.app"; sourceTree = BUILT_PRODUCTS_DIR; };
		A113548121A4377300E8FDD3 /* AppDelegate.swift */ = {isa = PBXFileReference; lastKnownFileType = sourcecode.swift; path = AppDelegate.swift; sourceTree = "<group>"; };
		A113548321A4377300E8FDD3 /* ViewController.swift */ = {isa = PBXFileReference; lastKnownFileType = sourcecode.swift; path = ViewController.swift; sourceTree = "<group>"; };
		A113548621A4377300E8FDD3 /* Base */ = {isa = PBXFileReference; lastKnownFileType = file.storyboard; name = Base; path = Base.lproj/Main.storyboard; sourceTree = "<group>"; };
		A113548821A4377500E8FDD3 /* Assets.xcassets */ = {isa = PBXFileReference; lastKnownFileType = folder.assetcatalog; path = Assets.xcassets; sourceTree = "<group>"; };
		A113548B21A4377500E8FDD3 /* Base */ = {isa = PBXFileReference; lastKnownFileType = file.storyboard; name = Base; path = Base.lproj/LaunchScreen.storyboard; sourceTree = "<group>"; };
		A113548D21A4377500E8FDD3 /* Info.plist */ = {isa = PBXFileReference; lastKnownFileType = text.plist.xml; path = Info.plist; sourceTree = "<group>"; };
		A113549221A4377600E8FDD3 /* collection view one ex1Tests.xctest */ = {isa = PBXFileReference; explicitFileType = wrapper.cfbundle; includeInIndex = 0; path = "collection view one ex1Tests.xctest"; sourceTree = BUILT_PRODUCTS_DIR; };
		A113549621A4377600E8FDD3 /* collection_view_one_ex1Tests.swift */ = {isa = PBXFileReference; lastKnownFileType = sourcecode.swift; path = collection_view_one_ex1Tests.swift; sourceTree = "<group>"; };
		A113549821A4377600E8FDD3 /* Info.plist */ = {isa = PBXFileReference; lastKnownFileType = text.plist.xml; path = Info.plist; sourceTree = "<group>"; };
		A113549D21A4377600E8FDD3 /* collection view one ex1UITests.xctest */ = {isa = PBXFileReference; explicitFileType = wrapper.cfbundle; includeInIndex = 0; path = "collection view one ex1UITests.xctest"; sourceTree = BUILT_PRODUCTS_DIR; };
		A11354A121A4377600E8FDD3 /* collection_view_one_ex1UITests.swift */ = {isa = PBXFileReference; lastKnownFileType = sourcecode.swift; path = collection_view_one_ex1UITests.swift; sourceTree = "<group>"; };
		A11354A321A4377600E8FDD3 /* Info.plist */ = {isa = PBXFileReference; lastKnownFileType = text.plist.xml; path = Info.plist; sourceTree = "<group>"; };
/* End PBXFileReference section */

/* Begin PBXFrameworksBuildPhase section */
		A113547B21A4377300E8FDD3 /* Frameworks */ = {
			isa = PBXFrameworksBuildPhase;
			buildActionMask = 2147483647;
			files = (
			);
			runOnlyForDeploymentPostprocessing = 0;
		};
		A113548F21A4377600E8FDD3 /* Frameworks */ = {
			isa = PBXFrameworksBuildPhase;
			buildActionMask = 2147483647;
			files = (
			);
			runOnlyForDeploymentPostprocessing = 0;
		};
		A113549A21A4377600E8FDD3 /* Frameworks */ = {
			isa = PBXFrameworksBuildPhase;
			buildActionMask = 2147483647;
			files = (
			);
			runOnlyForDeploymentPostprocessing = 0;
		};
/* End PBXFrameworksBuildPhase section */

/* Begin PBXGroup section */
		A113547521A4377300E8FDD3 = {
			isa = PBXGroup;
			children = (
				A113548021A4377300E8FDD3 /* collection view one ex1 */,
				A113549521A4377600E8FDD3 /* collection view one ex1Tests */,
				A11354A021A4377600E8FDD3 /* collection view one ex1UITests */,
				A113547F21A4377300E8FDD3 /* Products */,
			);
			sourceTree = "<group>";
		};
		A113547F21A4377300E8FDD3 /* Products */ = {
			isa = PBXGroup;
			children = (
				A113547E21A4377300E8FDD3 /* collection view one ex1.app */,
				A113549221A4377600E8FDD3 /* collection view one ex1Tests.xctest */,
				A113549D21A4377600E8FDD3 /* collection view one ex1UITests.xctest */,
			);
			name = Products;
			sourceTree = "<group>";
		};
		A113548021A4377300E8FDD3 /* collection view one ex1 */ = {
			isa = PBXGroup;
			children = (
				A113548121A4377300E8FDD3 /* AppDelegate.swift */,
				A113548321A4377300E8FDD3 /* ViewController.swift */,
				A113548521A4377300E8FDD3 /* Main.storyboard */,
				A113548821A4377500E8FDD3 /* Assets.xcassets */,
				A113548A21A4377500E8FDD3 /* LaunchScreen.storyboard */,
				A113548D21A4377500E8FDD3 /* Info.plist */,
			);
			path = "collection view one ex1";
			sourceTree = "<group>";
		};
		A113549521A4377600E8FDD3 /* collection view one ex1Tests */ = {
			isa = PBXGroup;
			children = (
				A113549621A4377600E8FDD3 /* collection_view_one_ex1Tests.swift */,
				A113549821A4377600E8FDD3 /* Info.plist */,
			);
			path = "collection view one ex1Tests";
			sourceTree = "<group>";
		};
		A11354A021A4377600E8FDD3 /* collection view one ex1UITests */ = {
			isa = PBXGroup;
			children = (
				A11354A121A4377600E8FDD3 /* collection_view_one_ex1UITests.swift */,
				A11354A321A4377600E8FDD3 /* Info.plist */,
			);
			path = "collection view one ex1UITests";
			sourceTree = "<group>";
		};
/* End PBXGroup section */

/* Begin PBXNativeTarget section */
		A113547D21A4377300E8FDD3 /* collection view one ex1 */ = {
			isa = PBXNativeTarget;
			buildConfigurationList = A11354A621A4377600E8FDD3 /* Build configuration list for PBXNativeTarget "collection view one ex1" */;
			buildPhases = (
				A113547A21A4377300E8FDD3 /* Sources */,
				A113547B21A4377300E8FDD3 /* Frameworks */,
				A113547C21A4377300E8FDD3 /* Resources */,
			);
			buildRules = (
			);
			dependencies = (
			);
			name = "collection view one ex1";
			productName = "collection view one ex1";
			productReference = A113547E21A4377300E8FDD3 /* collection view one ex1.app */;
			productType = "com.apple.product-type.application";
		};
		A113549121A4377600E8FDD3 /* collection view one ex1Tests */ = {
			isa = PBXNativeTarget;
			buildConfigurationList = A11354A921A4377600E8FDD3 /* Build configuration list for PBXNativeTarget "collection view one ex1Tests" */;
			buildPhases = (
				A113548E21A4377600E8FDD3 /* Sources */,
				A113548F21A4377600E8FDD3 /* Frameworks */,
				A113549021A4377600E8FDD3 /* Resources */,
			);
			buildRules = (
			);
			dependencies = (
				A113549421A4377600E8FDD3 /* PBXTargetDependency */,
			);
			name = "collection view one ex1Tests";
			productName = "collection view one ex1Tests";
			productReference = A113549221A4377600E8FDD3 /* collection view one ex1Tests.xctest */;
			productType = "com.apple.product-type.bundle.unit-test";
		};
		A113549C21A4377600E8FDD3 /* collection view one ex1UITests */ = {
			isa = PBXNativeTarget;
			buildConfigurationList = A11354AC21A4377600E8FDD3 /* Build configuration list for PBXNativeTarget "collection view one ex1UITests" */;
			buildPhases = (
				A113549921A4377600E8FDD3 /* Sources */,
				A113549A21A4377600E8FDD3 /* Frameworks */,
				A113549B21A4377600E8FDD3 /* Resources */,
			);
			buildRules = (
			);
			dependencies = (
				A113549F21A4377600E8FDD3 /* PBXTargetDependency */,
			);
			name = "collection view one ex1UITests";
			productName = "collection view one ex1UITests";
			productReference = A113549D21A4377600E8FDD3 /* collection view one ex1UITests.xctest */;
			productType = "com.apple.product-type.bundle.ui-testing";
		};
/* End PBXNativeTarget section */

/* Begin PBXProject section */
		A113547621A4377300E8FDD3 /* Project object */ = {
			isa = PBXProject;
			attributes = {
				LastSwiftUpdateCheck = 0940;
				LastUpgradeCheck = 0940;
				ORGANIZATIONNAME = INDIA;
				TargetAttributes = {
					A113547D21A4377300E8FDD3 = {
						CreatedOnToolsVersion = 9.4.1;
					};
					A113549121A4377600E8FDD3 = {
						CreatedOnToolsVersion = 9.4.1;
						TestTargetID = A113547D21A4377300E8FDD3;
					};
					A113549C21A4377600E8FDD3 = {
						CreatedOnToolsVersion = 9.4.1;
						TestTargetID = A113547D21A4377300E8FDD3;
					};
				};
			};
			buildConfigurationList = A113547921A4377300E8FDD3 /* Build configuration list for PBXProject "collection view one ex1" */;
			compatibilityVersion = "Xcode 9.3";
			developmentRegion = en;
			hasScannedForEncodings = 0;
			knownRegions = (
				en,
				Base,
			);
			mainGroup = A113547521A4377300E8FDD3;
			productRefGroup = A113547F21A4377300E8FDD3 /* Products */;
			projectDirPath = "";
			projectRoot = "";
			targets = (
				A113547D21A4377300E8FDD3 /* collection view one ex1 */,
				A113549121A4377600E8FDD3 /* collection view one ex1Tests */,
				A113549C21A4377600E8FDD3 /* collection view one ex1UITests */,
			);
		};
/* End PBXProject section */

/* Begin PBXResourcesBuildPhase section */
		A113547C21A4377300E8FDD3 /* Resources */ = {
			isa = PBXResourcesBuildPhase;
			buildActionMask = 2147483647;
			files = (
				A113548C21A4377500E8FDD3 /* LaunchScreen.storyboard in Resources */,
				A113548921A4377500E8FDD3 /* Assets.xcassets in Resources */,
				A113548721A4377300E8FDD3 /* Main.storyboard in Resources */,
			);
			runOnlyForDeploymentPostprocessing = 0;
		};
		A113549021A4377600E8FDD3 /* Resources */ = {
			isa = PBXResourcesBuildPhase;
			buildActionMask = 2147483647;
			files = (
			);
			runOnlyForDeploymentPostprocessing = 0;
		};
		A113549B21A4377600E8FDD3 /* Resources */ = {
			isa = PBXResourcesBuildPhase;
			buildActionMask = 2147483647;
			files = (
			);
			runOnlyForDeploymentPostprocessing = 0;
		};
/* End PBXResourcesBuildPhase section */

/* Begin PBXSourcesBuildPhase section */
		A113547A21A4377300E8FDD3 /* Sources */ = {
			isa = PBXSourcesBuildPhase;
			buildActionMask = 2147483647;
			files = (
				A113548421A4377300E8FDD3 /* ViewController.swift in Sources */,
				A113548221A4377300E8FDD3 /* AppDelegate.swift in Sources */,
			);
			runOnlyForDeploymentPostprocessing = 0;
		};
		A113548E21A4377600E8FDD3 /* Sources */ = {
			isa = PBXSourcesBuildPhase;
			buildActionMask = 2147483647;
			files = (
				A113549721A4377600E8FDD3 /* collection_view_one_ex1Tests.swift in Sources */,
			);
			runOnlyForDeploymentPostprocessing = 0;
		};
		A113549921A4377600E8FDD3 /* Sources */ = {
			isa = PBXSourcesBuildPhase;
			buildActionMask = 2147483647;
			files = (
				A11354A221A4377600E8FDD3 /* collection_view_one_ex1UITests.swift in Sources */,
			);
			runOnlyForDeploymentPostprocessing = 0;
		};
/* End PBXSourcesBuildPhase section */

/* Begin PBXTargetDependency section */
		A113549421A4377600E8FDD3 /* PBXTargetDependency */ = {
			isa = PBXTargetDependency;
			target = A113547D21A4377300E8FDD3 /* collection view one ex1 */;
			targetProxy = A113549321A4377600E8FDD3 /* PBXContainerItemProxy */;
		};
		A113549F21A4377600E8FDD3 /* PBXTargetDependency */ = {
			isa = PBXTargetDependency;
			target = A113547D21A4377300E8FDD3 /* collection view one ex1 */;
			targetProxy = A113549E21A4377600E8FDD3 /* PBXContainerItemProxy */;
		};
/* End PBXTargetDependency section */

/* Begin PBXVariantGroup section */
		A113548521A4377300E8FDD3 /* Main.storyboard */ = {
			isa = PBXVariantGroup;
			children = (
				A113548621A4377300E8FDD3 /* Base */,
			);
			name = Main.storyboard;
			sourceTree = "<group>";
		};
		A113548A21A4377500E8FDD3 /* LaunchScreen.storyboard */ = {
			isa = PBXVariantGroup;
			children = (
				A113548B21A4377500E8FDD3 /* Base */,
			);
			name = LaunchScreen.storyboard;
			sourceTree = "<group>";
		};
/* End PBXVariantGroup section */

/* Begin XCBuildConfiguration section */
		A11354A421A4377600E8FDD3 /* Debug */ = {
			isa = XCBuildConfiguration;
			buildSettings = {
				ALWAYS_SEARCH_USER_PATHS = NO;
				CLANG_ANALYZER_NONNULL = YES;
				CLANG_ANALYZER_NUMBER_OBJECT_CONVERSION = YES_AGGRESSIVE;
				CLANG_CXX_LANGUAGE_STANDARD = "gnu++14";
				CLANG_CXX_LIBRARY = "libc++";
				CLANG_ENABLE_MODULES = YES;
				CLANG_ENABLE_OBJC_ARC = YES;
				CLANG_ENABLE_OBJC_WEAK = YES;
				CLANG_WARN_BLOCK_CAPTURE_AUTORELEASING = YES;
				CLANG_WARN_BOOL_CONVERSION = YES;
				CLANG_WARN_COMMA = YES;
				CLANG_WARN_CONSTANT_CONVERSION = YES;
				CLANG_WARN_DEPRECATED_OBJC_IMPLEMENTATIONS = YES;
				CLANG_WARN_DIRECT_OBJC_ISA_USAGE = YES_ERROR;
				CLANG_WARN_DOCUMENTATION_COMMENTS = YES;
				CLANG_WARN_EMPTY_BODY = YES;
				CLANG_WARN_ENUM_CONVERSION = YES;
				CLANG_WARN_INFINITE_RECURSION = YES;
				CLANG_WARN_INT_CONVERSION = YES;
				CLANG_WARN_NON_LITERAL_NULL_CONVERSION = YES;
				CLANG_WARN_OBJC_IMPLICIT_RETAIN_SELF = YES;
				CLANG_WARN_OBJC_LITERAL_CONVERSION = YES;
				CLANG_WARN_OBJC_ROOT_CLASS = YES_ERROR;
				CLANG_WARN_RANGE_LOOP_ANALYSIS = YES;
				CLANG_WARN_STRICT_PROTOTYPES = YES;
				CLANG_WARN_SUSPICIOUS_MOVE = YES;
				CLANG_WARN_UNGUARDED_AVAILABILITY = YES_AGGRESSIVE;
				CLANG_WARN_UNREACHABLE_CODE = YES;
				CLANG_WARN__DUPLICATE_METHOD_MATCH = YES;
				CODE_SIGN_IDENTITY = "iPhone Developer";
				COPY_PHASE_STRIP = NO;
				DEBUG_INFORMATION_FORMAT = dwarf;
				ENABLE_STRICT_OBJC_MSGSEND = YES;
				ENABLE_TESTABILITY = YES;
				GCC_C_LANGUAGE_STANDARD = gnu11;
				GCC_DYNAMIC_NO_PIC = NO;
				GCC_NO_COMMON_BLOCKS = YES;
				GCC_OPTIMIZATION_LEVEL = 0;
				GCC_PREPROCESSOR_DEFINITIONS = (
					"DEBUG=1",
					"$(inherited)",
				);
				GCC_WARN_64_TO_32_BIT_CONVERSION = YES;
				GCC_WARN_ABOUT_RETURN_TYPE = YES_ERROR;
				GCC_WARN_UNDECLARED_SELECTOR = YES;
				GCC_WARN_UNINITIALIZED_AUTOS = YES_AGGRESSIVE;
				GCC_WARN_UNUSED_FUNCTION = YES;
				GCC_WARN_UNUSED_VARIABLE = YES;
				IPHONEOS_DEPLOYMENT_TARGET = 11.4;
				MTL_ENABLE_DEBUG_INFO = YES;
				ONLY_ACTIVE_ARCH = YES;
				SDKROOT = iphoneos;
				SWIFT_ACTIVE_COMPILATION_CONDITIONS = DEBUG;
				SWIFT_OPTIMIZATION_LEVEL = "-Onone";
			};
			name = Debug;
		};
		A11354A521A4377600E8FDD3 /* Release */ = {
			isa = XCBuildConfiguration;
			buildSettings = {
				ALWAYS_SEARCH_USER_PATHS = NO;
				CLANG_ANALYZER_NONNULL = YES;
				CLANG_ANALYZER_NUMBER_OBJECT_CONVERSION = YES_AGGRESSIVE;
				CLANG_CXX_LANGUAGE_STANDARD = "gnu++14";
				CLANG_CXX_LIBRARY = "libc++";
				CLANG_ENABLE_MODULES = YES;
				CLANG_ENABLE_OBJC_ARC = YES;
				CLANG_ENABLE_OBJC_WEAK = YES;
				CLANG_WARN_BLOCK_CAPTURE_AUTORELEASING = YES;
				CLANG_WARN_BOOL_CONVERSION = YES;
				CLANG_WARN_COMMA = YES;
				CLANG_WARN_CONSTANT_CONVERSION = YES;
				CLANG_WARN_DEPRECATED_OBJC_IMPLEMENTATIONS = YES;
				CLANG_WARN_DIRECT_OBJC_ISA_USAGE = YES_ERROR;
				CLANG_WARN_DOCUMENTATION_COMMENTS = YES;
				CLANG_WARN_EMPTY_BODY = YES;
				CLANG_WARN_ENUM_CONVERSION = YES;
				CLANG_WARN_INFINITE_RECURSION = YES;
				CLANG_WARN_INT_CONVERSION = YES;
				CLANG_WARN_NON_LITERAL_NULL_CONVERSION = YES;
				CLANG_WARN_OBJC_IMPLICIT_RETAIN_SELF = YES;
				CLANG_WARN_OBJC_LITERAL_CONVERSION = YES;
				CLANG_WARN_OBJC_ROOT_CLASS = YES_ERROR;
				CLANG_WARN_RANGE_LOOP_ANALYSIS = YES;
				CLANG_WARN_STRICT_PROTOTYPES = YES;
				CLANG_WARN_SUSPICIOUS_MOVE = YES;
				CLANG_WARN_UNGUARDED_AVAILABILITY = YES_AGGRESSIVE;
				CLANG_WARN_UNREACHABLE_CODE = YES;
				CLANG_WARN__DUPLICATE_METHOD_MATCH = YES;
				CODE_SIGN_IDENTITY = "iPhone Developer";
				COPY_PHASE_STRIP = NO;
				DEBUG_INFORMATION_FORMAT = "dwarf-with-dsym";
				ENABLE_NS_ASSERTIONS = NO;
				ENABLE_STRICT_OBJC_MSGSEND = YES;
				GCC_C_LANGUAGE_STANDARD = gnu11;
				GCC_NO_COMMON_BLOCKS = YES;
				GCC_WARN_64_TO_32_BIT_CONVERSION = YES;
				GCC_WARN_ABOUT_RETURN_TYPE = YES_ERROR;
				GCC_WARN_UNDECLARED_SELECTOR = YES;
				GCC_WARN_UNINITIALIZED_AUTOS = YES_AGGRESSIVE;
				GCC_WARN_UNUSED_FUNCTION = YES;
				GCC_WARN_UNUSED_VARIABLE = YES;
				IPHONEOS_DEPLOYMENT_TARGET = 11.4;
				MTL_ENABLE_DEBUG_INFO = NO;
				SDKROOT = iphoneos;
				SWIFT_COMPILATION_MODE = wholemodule;
				SWIFT_OPTIMIZATION_LEVEL = "-O";
				VALIDATE_PRODUCT = YES;
			};
			name = Release;
		};
		A11354A721A4377600E8FDD3 /* Debug */ = {
			isa = XCBuildConfiguration;
			buildSettings = {
				ASSETCATALOG_COMPILER_APPICON_NAME = AppIcon;
				CODE_SIGN_STYLE = Automatic;
				INFOPLIST_FILE = "collection view one ex1/Info.plist";
				LD_RUNPATH_SEARCH_PATHS = (
					"$(inherited)",
					"@executable_path/Frameworks",
				);
				PRODUCT_BUNDLE_IDENTIFIER = "demo1.collection-view-one-ex1";
				PRODUCT_NAME = "$(TARGET_NAME)";
				SWIFT_VERSION = 4.0;
				TARGETED_DEVICE_FAMILY = "1,2";
			};
			name = Debug;
		};
		A11354A821A4377600E8FDD3 /* Release */ = {
			isa = XCBuildConfiguration;
			buildSettings = {
				ASSETCATALOG_COMPILER_APPICON_NAME = AppIcon;
				CODE_SIGN_STYLE = Automatic;
				INFOPLIST_FILE = "collection view one ex1/Info.plist";
				LD_RUNPATH_SEARCH_PATHS = (
					"$(inherited)",
					"@executable_path/Frameworks",
				);
				PRODUCT_BUNDLE_IDENTIFIER = "demo1.collection-view-one-ex1";
				PRODUCT_NAME = "$(TARGET_NAME)";
				SWIFT_VERSION = 4.0;
				TARGETED_DEVICE_FAMILY = "1,2";
			};
			name = Release;
		};
		A11354AA21A4377600E8FDD3 /* Debug */ = {
			isa = XCBuildConfiguration;
			buildSettings = {
				ALWAYS_EMBED_SWIFT_STANDARD_LIBRARIES = YES;
				BUNDLE_LOADER = "$(TEST_HOST)";
				CODE_SIGN_STYLE = Automatic;
				INFOPLIST_FILE = "collection view one ex1Tests/Info.plist";
				LD_RUNPATH_SEARCH_PATHS = (
					"$(inherited)",
					"@executable_path/Frameworks",
					"@loader_path/Frameworks",
				);
				PRODUCT_BUNDLE_IDENTIFIER = "demo1.collection-view-one-ex1Tests";
				PRODUCT_NAME = "$(TARGET_NAME)";
				SWIFT_VERSION = 4.0;
				TARGETED_DEVICE_FAMILY = "1,2";
				TEST_HOST = "$(BUILT_PRODUCTS_DIR)/collection view one ex1.app/collection view one ex1";
			};
			name = Debug;
		};
		A11354AB21A4377600E8FDD3 /* Release */ = {
			isa = XCBuildConfiguration;
			buildSettings = {
				ALWAYS_EMBED_SWIFT_STANDARD_LIBRARIES = YES;
				BUNDLE_LOADER = "$(TEST_HOST)";
				CODE_SIGN_STYLE = Automatic;
				INFOPLIST_FILE = "collection view one ex1Tests/Info.plist";
				LD_RUNPATH_SEARCH_PATHS = (
					"$(inherited)",
					"@executable_path/Frameworks",
					"@loader_path/Frameworks",
				);
				PRODUCT_BUNDLE_IDENTIFIER = "demo1.collection-view-one-ex1Tests";
				PRODUCT_NAME = "$(TARGET_NAME)";
				SWIFT_VERSION = 4.0;
				TARGETED_DEVICE_FAMILY = "1,2";
				TEST_HOST = "$(BUILT_PRODUCTS_DIR)/collection view one ex1.app/collection view one ex1";
			};
			name = Release;
		};
		A11354AD21A4377600E8FDD3 /* Debug */ = {
			isa = XCBuildConfiguration;
			buildSettings = {
				ALWAYS_EMBED_SWIFT_STANDARD_LIBRARIES = YES;
				CODE_SIGN_STYLE = Automatic;
				INFOPLIST_FILE = "collection view one ex1UITests/Info.plist";
				LD_RUNPATH_SEARCH_PATHS = (
					"$(inherited)",
					"@executable_path/Frameworks",
					"@loader_path/Frameworks",
				);
				PRODUCT_BUNDLE_IDENTIFIER = "demo1.collection-view-one-ex1UITests";
				PRODUCT_NAME = "$(TARGET_NAME)";
				SWIFT_VERSION = 4.0;
				TARGETED_DEVICE_FAMILY = "1,2";
				TEST_TARGET_NAME = "collection view one ex1";
			};
			name = Debug;
		};
		A11354AE21A4377600E8FDD3 /* Release */ = {
			isa = XCBuildConfiguration;
			buildSettings = {
				ALWAYS_EMBED_SWIFT_STANDARD_LIBRARIES = YES;
				CODE_SIGN_STYLE = Automatic;
				INFOPLIST_FILE = "collection view one ex1UITests/Info.plist";
				LD_RUNPATH_SEARCH_PATHS = (
					"$(inherited)",
					"@executable_path/Frameworks",
					"@loader_path/Frameworks",
				);
				PRODUCT_BUNDLE_IDENTIFIER = "demo1.collection-view-one-ex1UITests";
				PRODUCT_NAME = "$(TARGET_NAME)";
				SWIFT_VERSION = 4.0;
				TARGETED_DEVICE_FAMILY = "1,2";
				TEST_TARGET_NAME = "collection view one ex1";
			};
			name = Release;
		};
/* End XCBuildConfiguration section */

/* Begin XCConfigurationList section */
		A113547921A4377300E8FDD3 /* Build configuration list for PBXProject "collection view one ex1" */ = {
			isa = XCConfigurationList;
			buildConfigurations = (
				A11354A421A4377600E8FDD3 /* Debug */,
				A11354A521A4377600E8FDD3 /* Release */,
			);
			defaultConfigurationIsVisible = 0;
			defaultConfigurationName = Release;
		};
		A11354A621A4377600E8FDD3 /* Build configuration list for PBXNativeTarget "collection view one ex1" */ = {
			isa = XCConfigurationList;
			buildConfigurations = (
				A11354A721A4377600E8FDD3 /* Debug */,
				A11354A821A4377600E8FDD3 /* Release */,
			);
			defaultConfigurationIsVisible = 0;
			defaultConfigurationName = Release;
		};
		A11354A921A4377600E8FDD3 /* Build configuration list for PBXNativeTarget "collection view one ex1Tests" */ = {
			isa = XCConfigurationList;
			buildConfigurations = (
				A11354AA21A4377600E8FDD3 /* Debug */,
				A11354AB21A4377600E8FDD3 /* Release */,
			);
			defaultConfigurationIsVisible = 0;
			defaultConfigurationName = Release;
		};
		A11354AC21A4377600E8FDD3 /* Build configuration list for PBXNativeTarget "collection view one ex1UITests" */ = {
			isa = XCConfigurationList;
			buildConfigurations = (
				A11354AD21A4377600E8FDD3 /* Debug */,
				A11354AE21A4377600E8FDD3 /* Release */,
			);
			defaultConfigurationIsVisible = 0;
			defaultConfigurationName = Release;
		};
/* End XCConfigurationList section */
	};
	rootObject = A113547621A4377300E8FDD3 /* Project object */;
}
