// !$*UTF8*$!
{
	archiveVersion = 1;
	classes = {
	};
	objectVersion = 50;
	objects = {

/* Begin PBXBuildFile section */
		18BA35C8217F210B00029C9E /* AppDelegate.swift in Sources */ = {isa = PBXBuildFile; fileRef = 18BA35C7217F210B00029C9E /* AppDelegate.swift */; };
		18BA35CA217F210B00029C9E /* ViewController.swift in Sources */ = {isa = PBXBuildFile; fileRef = 18BA35C9217F210B00029C9E /* ViewController.swift */; };
		18BA35CD217F210B00029C9E /* Main.storyboard in Resources */ = {isa = PBXBuildFile; fileRef = 18BA35CB217F210B00029C9E /* Main.storyboard */; };
		18BA35CF217F210E00029C9E /* Assets.xcassets in Resources */ = {isa = PBXBuildFile; fileRef = 18BA35CE217F210E00029C9E /* Assets.xcassets */; };
		18BA35D2217F210E00029C9E /* LaunchScreen.storyboard in Resources */ = {isa = PBXBuildFile; fileRef = 18BA35D0217F210E00029C9E /* LaunchScreen.storyboard */; };
		18BA35DD217F210E00029C9E /* GestureTests.swift in Sources */ = {isa = PBXBuildFile; fileRef = 18BA35DC217F210E00029C9E /* GestureTests.swift */; };
		18BA35E8217F210E00029C9E /* GestureUITests.swift in Sources */ = {isa = PBXBuildFile; fileRef = 18BA35E7217F210E00029C9E /* GestureUITests.swift */; };
/* End PBXBuildFile section */

/* Begin PBXContainerItemProxy section */
		18BA35D9217F210E00029C9E /* PBXContainerItemProxy */ = {
			isa = PBXContainerItemProxy;
			containerPortal = 18BA35BC217F210B00029C9E /* Project object */;
			proxyType = 1;
			remoteGlobalIDString = 18BA35C3217F210B00029C9E;
			remoteInfo = Gesture;
		};
		18BA35E4217F210E00029C9E /* PBXContainerItemProxy */ = {
			isa = PBXContainerItemProxy;
			containerPortal = 18BA35BC217F210B00029C9E /* Project object */;
			proxyType = 1;
			remoteGlobalIDString = 18BA35C3217F210B00029C9E;
			remoteInfo = Gesture;
		};
/* End PBXContainerItemProxy section */

/* Begin PBXFileReference section */
		18BA35C4217F210B00029C9E /* Gesture.app */ = {isa = PBXFileReference; explicitFileType = wrapper.application; includeInIndex = 0; path = Gesture.app; sourceTree = BUILT_PRODUCTS_DIR; };
		18BA35C7217F210B00029C9E /* AppDelegate.swift */ = {isa = PBXFileReference; lastKnownFileType = sourcecode.swift; path = AppDelegate.swift; sourceTree = "<group>"; };
		18BA35C9217F210B00029C9E /* ViewController.swift */ = {isa = PBXFileReference; lastKnownFileType = sourcecode.swift; path = ViewController.swift; sourceTree = "<group>"; };
		18BA35CC217F210B00029C9E /* Base */ = {isa = PBXFileReference; lastKnownFileType = file.storyboard; name = Base; path = Base.lproj/Main.storyboard; sourceTree = "<group>"; };
		18BA35CE217F210E00029C9E /* Assets.xcassets */ = {isa = PBXFileReference; lastKnownFileType = folder.assetcatalog; path = Assets.xcassets; sourceTree = "<group>"; };
		18BA35D1217F210E00029C9E /* Base */ = {isa = PBXFileReference; lastKnownFileType = file.storyboard; name = Base; path = Base.lproj/LaunchScreen.storyboard; sourceTree = "<group>"; };
		18BA35D3217F210E00029C9E /* Info.plist */ = {isa = PBXFileReference; lastKnownFileType = text.plist.xml; path = Info.plist; sourceTree = "<group>"; };
		18BA35D8217F210E00029C9E /* GestureTests.xctest */ = {isa = PBXFileReference; explicitFileType = wrapper.cfbundle; includeInIndex = 0; path = GestureTests.xctest; sourceTree = BUILT_PRODUCTS_DIR; };
		18BA35DC217F210E00029C9E /* GestureTests.swift */ = {isa = PBXFileReference; lastKnownFileType = sourcecode.swift; path = GestureTests.swift; sourceTree = "<group>"; };
		18BA35DE217F210E00029C9E /* Info.plist */ = {isa = PBXFileReference; lastKnownFileType = text.plist.xml; path = Info.plist; sourceTree = "<group>"; };
		18BA35E3217F210E00029C9E /* GestureUITests.xctest */ = {isa = PBXFileReference; explicitFileType = wrapper.cfbundle; includeInIndex = 0; path = GestureUITests.xctest; sourceTree = BUILT_PRODUCTS_DIR; };
		18BA35E7217F210E00029C9E /* GestureUITests.swift */ = {isa = PBXFileReference; lastKnownFileType = sourcecode.swift; path = GestureUITests.swift; sourceTree = "<group>"; };
		18BA35E9217F210E00029C9E /* Info.plist */ = {isa = PBXFileReference; lastKnownFileType = text.plist.xml; path = Info.plist; sourceTree = "<group>"; };
/* End PBXFileReference section */

/* Begin PBXFrameworksBuildPhase section */
		18BA35C1217F210B00029C9E /* Frameworks */ = {
			isa = PBXFrameworksBuildPhase;
			buildActionMask = 2147483647;
			files = (
			);
			runOnlyForDeploymentPostprocessing = 0;
		};
		18BA35D5217F210E00029C9E /* Frameworks */ = {
			isa = PBXFrameworksBuildPhase;
			buildActionMask = 2147483647;
			files = (
			);
			runOnlyForDeploymentPostprocessing = 0;
		};
		18BA35E0217F210E00029C9E /* Frameworks */ = {
			isa = PBXFrameworksBuildPhase;
			buildActionMask = 2147483647;
			files = (
			);
			runOnlyForDeploymentPostprocessing = 0;
		};
/* End PBXFrameworksBuildPhase section */

/* Begin PBXGroup section */
		18BA35BB217F210B00029C9E = {
			isa = PBXGroup;
			children = (
				18BA35C6217F210B00029C9E /* Gesture */,
				18BA35DB217F210E00029C9E /* GestureTests */,
				18BA35E6217F210E00029C9E /* GestureUITests */,
				18BA35C5217F210B00029C9E /* Products */,
			);
			sourceTree = "<group>";
		};
		18BA35C5217F210B00029C9E /* Products */ = {
			isa = PBXGroup;
			children = (
				18BA35C4217F210B00029C9E /* Gesture.app */,
				18BA35D8217F210E00029C9E /* GestureTests.xctest */,
				18BA35E3217F210E00029C9E /* GestureUITests.xctest */,
			);
			name = Products;
			sourceTree = "<group>";
		};
		18BA35C6217F210B00029C9E /* Gesture */ = {
			isa = PBXGroup;
			children = (
				18BA35C7217F210B00029C9E /* AppDelegate.swift */,
				18BA35C9217F210B00029C9E /* ViewController.swift */,
				18BA35CB217F210B00029C9E /* Main.storyboard */,
				18BA35CE217F210E00029C9E /* Assets.xcassets */,
				18BA35D0217F210E00029C9E /* LaunchScreen.storyboard */,
				18BA35D3217F210E00029C9E /* Info.plist */,
			);
			path = Gesture;
			sourceTree = "<group>";
		};
		18BA35DB217F210E00029C9E /* GestureTests */ = {
			isa = PBXGroup;
			children = (
				18BA35DC217F210E00029C9E /* GestureTests.swift */,
				18BA35DE217F210E00029C9E /* Info.plist */,
			);
			path = GestureTests;
			sourceTree = "<group>";
		};
		18BA35E6217F210E00029C9E /* GestureUITests */ = {
			isa = PBXGroup;
			children = (
				18BA35E7217F210E00029C9E /* GestureUITests.swift */,
				18BA35E9217F210E00029C9E /* Info.plist */,
			);
			path = GestureUITests;
			sourceTree = "<group>";
		};
/* End PBXGroup section */

/* Begin PBXNativeTarget section */
		18BA35C3217F210B00029C9E /* Gesture */ = {
			isa = PBXNativeTarget;
			buildConfigurationList = 18BA35EC217F210E00029C9E /* Build configuration list for PBXNativeTarget "Gesture" */;
			buildPhases = (
				18BA35C0217F210B00029C9E /* Sources */,
				18BA35C1217F210B00029C9E /* Frameworks */,
				18BA35C2217F210B00029C9E /* Resources */,
			);
			buildRules = (
			);
			dependencies = (
			);
			name = Gesture;
			productName = Gesture;
			productReference = 18BA35C4217F210B00029C9E /* Gesture.app */;
			productType = "com.apple.product-type.application";
		};
		18BA35D7217F210E00029C9E /* GestureTests */ = {
			isa = PBXNativeTarget;
			buildConfigurationList = 18BA35EF217F210E00029C9E /* Build configuration list for PBXNativeTarget "GestureTests" */;
			buildPhases = (
				18BA35D4217F210E00029C9E /* Sources */,
				18BA35D5217F210E00029C9E /* Frameworks */,
				18BA35D6217F210E00029C9E /* Resources */,
			);
			buildRules = (
			);
			dependencies = (
				18BA35DA217F210E00029C9E /* PBXTargetDependency */,
			);
			name = GestureTests;
			productName = GestureTests;
			productReference = 18BA35D8217F210E00029C9E /* GestureTests.xctest */;
			productType = "com.apple.product-type.bundle.unit-test";
		};
		18BA35E2217F210E00029C9E /* GestureUITests */ = {
			isa = PBXNativeTarget;
			buildConfigurationList = 18BA35F2217F210E00029C9E /* Build configuration list for PBXNativeTarget "GestureUITests" */;
			buildPhases = (
				18BA35DF217F210E00029C9E /* Sources */,
				18BA35E0217F210E00029C9E /* Frameworks */,
				18BA35E1217F210E00029C9E /* Resources */,
			);
			buildRules = (
			);
			dependencies = (
				18BA35E5217F210E00029C9E /* PBXTargetDependency */,
			);
			name = GestureUITests;
			productName = GestureUITests;
			productReference = 18BA35E3217F210E00029C9E /* GestureUITests.xctest */;
			productType = "com.apple.product-type.bundle.ui-testing";
		};
/* End PBXNativeTarget section */

/* Begin PBXProject section */
		18BA35BC217F210B00029C9E /* Project object */ = {
			isa = PBXProject;
			attributes = {
				LastSwiftUpdateCheck = 0940;
				LastUpgradeCheck = 0940;
				ORGANIZATIONNAME = Rp;
				TargetAttributes = {
					18BA35C3217F210B00029C9E = {
						CreatedOnToolsVersion = 9.4.1;
					};
					18BA35D7217F210E00029C9E = {
						CreatedOnToolsVersion = 9.4.1;
						TestTargetID = 18BA35C3217F210B00029C9E;
					};
					18BA35E2217F210E00029C9E = {
						CreatedOnToolsVersion = 9.4.1;
						TestTargetID = 18BA35C3217F210B00029C9E;
					};
				};
			};
			buildConfigurationList = 18BA35BF217F210B00029C9E /* Build configuration list for PBXProject "Gesture" */;
			compatibilityVersion = "Xcode 9.3";
			developmentRegion = en;
			hasScannedForEncodings = 0;
			knownRegions = (
				en,
				Base,
			);
			mainGroup = 18BA35BB217F210B00029C9E;
			productRefGroup = 18BA35C5217F210B00029C9E /* Products */;
			projectDirPath = "";
			projectRoot = "";
			targets = (
				18BA35C3217F210B00029C9E /* Gesture */,
				18BA35D7217F210E00029C9E /* GestureTests */,
				18BA35E2217F210E00029C9E /* GestureUITests */,
			);
		};
/* End PBXProject section */

/* Begin PBXResourcesBuildPhase section */
		18BA35C2217F210B00029C9E /* Resources */ = {
			isa = PBXResourcesBuildPhase;
			buildActionMask = 2147483647;
			files = (
				18BA35D2217F210E00029C9E /* LaunchScreen.storyboard in Resources */,
				18BA35CF217F210E00029C9E /* Assets.xcassets in Resources */,
				18BA35CD217F210B00029C9E /* Main.storyboard in Resources */,
			);
			runOnlyForDeploymentPostprocessing = 0;
		};
		18BA35D6217F210E00029C9E /* Resources */ = {
			isa = PBXResourcesBuildPhase;
			buildActionMask = 2147483647;
			files = (
			);
			runOnlyForDeploymentPostprocessing = 0;
		};
		18BA35E1217F210E00029C9E /* Resources */ = {
			isa = PBXResourcesBuildPhase;
			buildActionMask = 2147483647;
			files = (
			);
			runOnlyForDeploymentPostprocessing = 0;
		};
/* End PBXResourcesBuildPhase section */

/* Begin PBXSourcesBuildPhase section */
		18BA35C0217F210B00029C9E /* Sources */ = {
			isa = PBXSourcesBuildPhase;
			buildActionMask = 2147483647;
			files = (
				18BA35CA217F210B00029C9E /* ViewController.swift in Sources */,
				18BA35C8217F210B00029C9E /* AppDelegate.swift in Sources */,
			);
			runOnlyForDeploymentPostprocessing = 0;
		};
		18BA35D4217F210E00029C9E /* Sources */ = {
			isa = PBXSourcesBuildPhase;
			buildActionMask = 2147483647;
			files = (
				18BA35DD217F210E00029C9E /* GestureTests.swift in Sources */,
			);
			runOnlyForDeploymentPostprocessing = 0;
		};
		18BA35DF217F210E00029C9E /* Sources */ = {
			isa = PBXSourcesBuildPhase;
			buildActionMask = 2147483647;
			files = (
				18BA35E8217F210E00029C9E /* GestureUITests.swift in Sources */,
			);
			runOnlyForDeploymentPostprocessing = 0;
		};
/* End PBXSourcesBuildPhase section */

/* Begin PBXTargetDependency section */
		18BA35DA217F210E00029C9E /* PBXTargetDependency */ = {
			isa = PBXTargetDependency;
			target = 18BA35C3217F210B00029C9E /* Gesture */;
			targetProxy = 18BA35D9217F210E00029C9E /* PBXContainerItemProxy */;
		};
		18BA35E5217F210E00029C9E /* PBXTargetDependency */ = {
			isa = PBXTargetDependency;
			target = 18BA35C3217F210B00029C9E /* Gesture */;
			targetProxy = 18BA35E4217F210E00029C9E /* PBXContainerItemProxy */;
		};
/* End PBXTargetDependency section */

/* Begin PBXVariantGroup section */
		18BA35CB217F210B00029C9E /* Main.storyboard */ = {
			isa = PBXVariantGroup;
			children = (
				18BA35CC217F210B00029C9E /* Base */,
			);
			name = Main.storyboard;
			sourceTree = "<group>";
		};
		18BA35D0217F210E00029C9E /* LaunchScreen.storyboard */ = {
			isa = PBXVariantGroup;
			children = (
				18BA35D1217F210E00029C9E /* Base */,
			);
			name = LaunchScreen.storyboard;
			sourceTree = "<group>";
		};
/* End PBXVariantGroup section */

/* Begin XCBuildConfiguration section */
		18BA35EA217F210E00029C9E /* Debug */ = {
			isa = XCBuildConfiguration;
			buildSettings = {
				ALWAYS_SEARCH_USER_PATHS = NO;
				CLANG_ANALYZER_NONNULL = YES;
				CLANG_ANALYZER_NUMBER_OBJECT_CONVERSION = YES_AGGRESSIVE;
				CLANG_CXX_LANGUAGE_STANDARD = "gnu++14";
				CLANG_CXX_LIBRARY = "libc++";
				CLANG_ENABLE_MODULES = YES;
				CLANG_ENABLE_OBJC_ARC = YES;
				CLANG_ENABLE_OBJC_WEAK = YES;
				CLANG_WARN_BLOCK_CAPTURE_AUTORELEASING = YES;
				CLANG_WARN_BOOL_CONVERSION = YES;
				CLANG_WARN_COMMA = YES;
				CLANG_WARN_CONSTANT_CONVERSION = YES;
				CLANG_WARN_DEPRECATED_OBJC_IMPLEMENTATIONS = YES;
				CLANG_WARN_DIRECT_OBJC_ISA_USAGE = YES_ERROR;
				CLANG_WARN_DOCUMENTATION_COMMENTS = YES;
				CLANG_WARN_EMPTY_BODY = YES;
				CLANG_WARN_ENUM_CONVERSION = YES;
				CLANG_WARN_INFINITE_RECURSION = YES;
				CLANG_WARN_INT_CONVERSION = YES;
				CLANG_WARN_NON_LITERAL_NULL_CONVERSION = YES;
				CLANG_WARN_OBJC_IMPLICIT_RETAIN_SELF = YES;
				CLANG_WARN_OBJC_LITERAL_CONVERSION = YES;
				CLANG_WARN_OBJC_ROOT_CLASS = YES_ERROR;
				CLANG_WARN_RANGE_LOOP_ANALYSIS = YES;
				CLANG_WARN_STRICT_PROTOTYPES = YES;
				CLANG_WARN_SUSPICIOUS_MOVE = YES;
				CLANG_WARN_UNGUARDED_AVAILABILITY = YES_AGGRESSIVE;
				CLANG_WARN_UNREACHABLE_CODE = YES;
				CLANG_WARN__DUPLICATE_METHOD_MATCH = YES;
				CODE_SIGN_IDENTITY = "iPhone Developer";
				COPY_PHASE_STRIP = NO;
				DEBUG_INFORMATION_FORMAT = dwarf;
				ENABLE_STRICT_OBJC_MSGSEND = YES;
				ENABLE_TESTABILITY = YES;
				GCC_C_LANGUAGE_STANDARD = gnu11;
				GCC_DYNAMIC_NO_PIC = NO;
				GCC_NO_COMMON_BLOCKS = YES;
				GCC_OPTIMIZATION_LEVEL = 0;
				GCC_PREPROCESSOR_DEFINITIONS = (
					"DEBUG=1",
					"$(inherited)",
				);
				GCC_WARN_64_TO_32_BIT_CONVERSION = YES;
				GCC_WARN_ABOUT_RETURN_TYPE = YES_ERROR;
				GCC_WARN_UNDECLARED_SELECTOR = YES;
				GCC_WARN_UNINITIALIZED_AUTOS = YES_AGGRESSIVE;
				GCC_WARN_UNUSED_FUNCTION = YES;
				GCC_WARN_UNUSED_VARIABLE = YES;
				IPHONEOS_DEPLOYMENT_TARGET = 11.4;
				MTL_ENABLE_DEBUG_INFO = YES;
				ONLY_ACTIVE_ARCH = YES;
				SDKROOT = iphoneos;
				SWIFT_ACTIVE_COMPILATION_CONDITIONS = DEBUG;
				SWIFT_OPTIMIZATION_LEVEL = "-Onone";
			};
			name = Debug;
		};
		18BA35EB217F210E00029C9E /* Release */ = {
			isa = XCBuildConfiguration;
			buildSettings = {
				ALWAYS_SEARCH_USER_PATHS = NO;
				CLANG_ANALYZER_NONNULL = YES;
				CLANG_ANALYZER_NUMBER_OBJECT_CONVERSION = YES_AGGRESSIVE;
				CLANG_CXX_LANGUAGE_STANDARD = "gnu++14";
				CLANG_CXX_LIBRARY = "libc++";
				CLANG_ENABLE_MODULES = YES;
				CLANG_ENABLE_OBJC_ARC = YES;
				CLANG_ENABLE_OBJC_WEAK = YES;
				CLANG_WARN_BLOCK_CAPTURE_AUTORELEASING = YES;
				CLANG_WARN_BOOL_CONVERSION = YES;
				CLANG_WARN_COMMA = YES;
				CLANG_WARN_CONSTANT_CONVERSION = YES;
				CLANG_WARN_DEPRECATED_OBJC_IMPLEMENTATIONS = YES;
				CLANG_WARN_DIRECT_OBJC_ISA_USAGE = YES_ERROR;
				CLANG_WARN_DOCUMENTATION_COMMENTS = YES;
				CLANG_WARN_EMPTY_BODY = YES;
				CLANG_WARN_ENUM_CONVERSION = YES;
				CLANG_WARN_INFINITE_RECURSION = YES;
				CLANG_WARN_INT_CONVERSION = YES;
				CLANG_WARN_NON_LITERAL_NULL_CONVERSION = YES;
				CLANG_WARN_OBJC_IMPLICIT_RETAIN_SELF = YES;
				CLANG_WARN_OBJC_LITERAL_CONVERSION = YES;
				CLANG_WARN_OBJC_ROOT_CLASS = YES_ERROR;
				CLANG_WARN_RANGE_LOOP_ANALYSIS = YES;
				CLANG_WARN_STRICT_PROTOTYPES = YES;
				CLANG_WARN_SUSPICIOUS_MOVE = YES;
				CLANG_WARN_UNGUARDED_AVAILABILITY = YES_AGGRESSIVE;
				CLANG_WARN_UNREACHABLE_CODE = YES;
				CLANG_WARN__DUPLICATE_METHOD_MATCH = YES;
				CODE_SIGN_IDENTITY = "iPhone Developer";
				COPY_PHASE_STRIP = NO;
				DEBUG_INFORMATION_FORMAT = "dwarf-with-dsym";
				ENABLE_NS_ASSERTIONS = NO;
				ENABLE_STRICT_OBJC_MSGSEND = YES;
				GCC_C_LANGUAGE_STANDARD = gnu11;
				GCC_NO_COMMON_BLOCKS = YES;
				GCC_WARN_64_TO_32_BIT_CONVERSION = YES;
				GCC_WARN_ABOUT_RETURN_TYPE = YES_ERROR;
				GCC_WARN_UNDECLARED_SELECTOR = YES;
				GCC_WARN_UNINITIALIZED_AUTOS = YES_AGGRESSIVE;
				GCC_WARN_UNUSED_FUNCTION = YES;
				GCC_WARN_UNUSED_VARIABLE = YES;
				IPHONEOS_DEPLOYMENT_TARGET = 11.4;
				MTL_ENABLE_DEBUG_INFO = NO;
				SDKROOT = iphoneos;
				SWIFT_COMPILATION_MODE = wholemodule;
				SWIFT_OPTIMIZATION_LEVEL = "-O";
				VALIDATE_PRODUCT = YES;
			};
			name = Release;
		};
		18BA35ED217F210E00029C9E /* Debug */ = {
			isa = XCBuildConfiguration;
			buildSettings = {
				ASSETCATALOG_COMPILER_APPICON_NAME = AppIcon;
				CODE_SIGN_STYLE = Automatic;
				INFOPLIST_FILE = Gesture/Info.plist;
				LD_RUNPATH_SEARCH_PATHS = (
					"$(inherited)",
					"@executable_path/Frameworks",
				);
				PRODUCT_BUNDLE_IDENTIFIER = Ravi.Gesture;
				PRODUCT_NAME = "$(TARGET_NAME)";
				SWIFT_VERSION = 4.0;
				TARGETED_DEVICE_FAMILY = "1,2";
			};
			name = Debug;
		};
		18BA35EE217F210E00029C9E /* Release */ = {
			isa = XCBuildConfiguration;
			buildSettings = {
				ASSETCATALOG_COMPILER_APPICON_NAME = AppIcon;
				CODE_SIGN_STYLE = Automatic;
				INFOPLIST_FILE = Gesture/Info.plist;
				LD_RUNPATH_SEARCH_PATHS = (
					"$(inherited)",
					"@executable_path/Frameworks",
				);
				PRODUCT_BUNDLE_IDENTIFIER = Ravi.Gesture;
				PRODUCT_NAME = "$(TARGET_NAME)";
				SWIFT_VERSION = 4.0;
				TARGETED_DEVICE_FAMILY = "1,2";
			};
			name = Release;
		};
		18BA35F0217F210E00029C9E /* Debug */ = {
			isa = XCBuildConfiguration;
			buildSettings = {
				ALWAYS_EMBED_SWIFT_STANDARD_LIBRARIES = YES;
				BUNDLE_LOADER = "$(TEST_HOST)";
				CODE_SIGN_STYLE = Automatic;
				INFOPLIST_FILE = GestureTests/Info.plist;
				LD_RUNPATH_SEARCH_PATHS = (
					"$(inherited)",
					"@executable_path/Frameworks",
					"@loader_path/Frameworks",
				);
				PRODUCT_BUNDLE_IDENTIFIER = Ravi.GestureTests;
				PRODUCT_NAME = "$(TARGET_NAME)";
				SWIFT_VERSION = 4.0;
				TARGETED_DEVICE_FAMILY = "1,2";
				TEST_HOST = "$(BUILT_PRODUCTS_DIR)/Gesture.app/Gesture";
			};
			name = Debug;
		};
		18BA35F1217F210E00029C9E /* Release */ = {
			isa = XCBuildConfiguration;
			buildSettings = {
				ALWAYS_EMBED_SWIFT_STANDARD_LIBRARIES = YES;
				BUNDLE_LOADER = "$(TEST_HOST)";
				CODE_SIGN_STYLE = Automatic;
				INFOPLIST_FILE = GestureTests/Info.plist;
				LD_RUNPATH_SEARCH_PATHS = (
					"$(inherited)",
					"@executable_path/Frameworks",
					"@loader_path/Frameworks",
				);
				PRODUCT_BUNDLE_IDENTIFIER = Ravi.GestureTests;
				PRODUCT_NAME = "$(TARGET_NAME)";
				SWIFT_VERSION = 4.0;
				TARGETED_DEVICE_FAMILY = "1,2";
				TEST_HOST = "$(BUILT_PRODUCTS_DIR)/Gesture.app/Gesture";
			};
			name = Release;
		};
		18BA35F3217F210E00029C9E /* Debug */ = {
			isa = XCBuildConfiguration;
			buildSettings = {
				ALWAYS_EMBED_SWIFT_STANDARD_LIBRARIES = YES;
				CODE_SIGN_STYLE = Automatic;
				INFOPLIST_FILE = GestureUITests/Info.plist;
				LD_RUNPATH_SEARCH_PATHS = (
					"$(inherited)",
					"@executable_path/Frameworks",
					"@loader_path/Frameworks",
				);
				PRODUCT_BUNDLE_IDENTIFIER = Ravi.GestureUITests;
				PRODUCT_NAME = "$(TARGET_NAME)";
				SWIFT_VERSION = 4.0;
				TARGETED_DEVICE_FAMILY = "1,2";
				TEST_TARGET_NAME = Gesture;
			};
			name = Debug;
		};
		18BA35F4217F210E00029C9E /* Release */ = {
			isa = XCBuildConfiguration;
			buildSettings = {
				ALWAYS_EMBED_SWIFT_STANDARD_LIBRARIES = YES;
				CODE_SIGN_STYLE = Automatic;
				INFOPLIST_FILE = GestureUITests/Info.plist;
				LD_RUNPATH_SEARCH_PATHS = (
					"$(inherited)",
					"@executable_path/Frameworks",
					"@loader_path/Frameworks",
				);
				PRODUCT_BUNDLE_IDENTIFIER = Ravi.GestureUITests;
				PRODUCT_NAME = "$(TARGET_NAME)";
				SWIFT_VERSION = 4.0;
				TARGETED_DEVICE_FAMILY = "1,2";
				TEST_TARGET_NAME = Gesture;
			};
			name = Release;
		};
/* End XCBuildConfiguration section */

/* Begin XCConfigurationList section */
		18BA35BF217F210B00029C9E /* Build configuration list for PBXProject "Gesture" */ = {
			isa = XCConfigurationList;
			buildConfigurations = (
				18BA35EA217F210E00029C9E /* Debug */,
				18BA35EB217F210E00029C9E /* Release */,
			);
			defaultConfigurationIsVisible = 0;
			defaultConfigurationName = Release;
		};
		18BA35EC217F210E00029C9E /* Build configuration list for PBXNativeTarget "Gesture" */ = {
			isa = XCConfigurationList;
			buildConfigurations = (
				18BA35ED217F210E00029C9E /* Debug */,
				18BA35EE217F210E00029C9E /* Release */,
			);
			defaultConfigurationIsVisible = 0;
			defaultConfigurationName = Release;
		};
		18BA35EF217F210E00029C9E /* Build configuration list for PBXNativeTarget "GestureTests" */ = {
			isa = XCConfigurationList;
			buildConfigurations = (
				18BA35F0217F210E00029C9E /* Debug */,
				18BA35F1217F210E00029C9E /* Release */,
			);
			defaultConfigurationIsVisible = 0;
			defaultConfigurationName = Release;
		};
		18BA35F2217F210E00029C9E /* Build configuration list for PBXNativeTarget "GestureUITests" */ = {
			isa = XCConfigurationList;
			buildConfigurations = (
				18BA35F3217F210E00029C9E /* Debug */,
				18BA35F4217F210E00029C9E /* Release */,
			);
			defaultConfigurationIsVisible = 0;
			defaultConfigurationName = Release;
		};
/* End XCConfigurationList section */
	};
	rootObject = 18BA35BC217F210B00029C9E /* Project object */;
}
