// !$*UTF8*$!
{
	archiveVersion = 1;
	classes = {
	};
	objectVersion = 50;
	objects = {

/* Begin PBXBuildFile section */
		A10AFDA221DF620100205838 /* AppDelegate.swift in Sources */ = {isa = PBXBuildFile; fileRef = A10AFDA121DF620100205838 /* AppDelegate.swift */; };
		A10AFDA421DF620100205838 /* ViewController.swift in Sources */ = {isa = PBXBuildFile; fileRef = A10AFDA321DF620100205838 /* ViewController.swift */; };
		A10AFDA721DF620100205838 /* Main.storyboard in Resources */ = {isa = PBXBuildFile; fileRef = A10AFDA521DF620100205838 /* Main.storyboard */; };
		A10AFDA921DF620300205838 /* Assets.xcassets in Resources */ = {isa = PBXBuildFile; fileRef = A10AFDA821DF620300205838 /* Assets.xcassets */; };
		A10AFDAC21DF620300205838 /* LaunchScreen.storyboard in Resources */ = {isa = PBXBuildFile; fileRef = A10AFDAA21DF620300205838 /* LaunchScreen.storyboard */; };
		A10AFDB721DF620300205838 /* defaltshare_ex1Tests.swift in Sources */ = {isa = PBXBuildFile; fileRef = A10AFDB621DF620300205838 /* defaltshare_ex1Tests.swift */; };
		A10AFDC221DF620300205838 /* defaltshare_ex1UITests.swift in Sources */ = {isa = PBXBuildFile; fileRef = A10AFDC121DF620300205838 /* defaltshare_ex1UITests.swift */; };
/* End PBXBuildFile section */

/* Begin PBXContainerItemProxy section */
		A10AFDB321DF620300205838 /* PBXContainerItemProxy */ = {
			isa = PBXContainerItemProxy;
			containerPortal = A10AFD9621DF620100205838 /* Project object */;
			proxyType = 1;
			remoteGlobalIDString = A10AFD9D21DF620100205838;
			remoteInfo = "defaltshare ex1";
		};
		A10AFDBE21DF620300205838 /* PBXContainerItemProxy */ = {
			isa = PBXContainerItemProxy;
			containerPortal = A10AFD9621DF620100205838 /* Project object */;
			proxyType = 1;
			remoteGlobalIDString = A10AFD9D21DF620100205838;
			remoteInfo = "defaltshare ex1";
		};
/* End PBXContainerItemProxy section */

/* Begin PBXFileReference section */
		A10AFD9E21DF620100205838 /* defaltshare ex1.app */ = {isa = PBXFileReference; explicitFileType = wrapper.application; includeInIndex = 0; path = "defaltshare ex1.app"; sourceTree = BUILT_PRODUCTS_DIR; };
		A10AFDA121DF620100205838 /* AppDelegate.swift */ = {isa = PBXFileReference; lastKnownFileType = sourcecode.swift; path = AppDelegate.swift; sourceTree = "<group>"; };
		A10AFDA321DF620100205838 /* ViewController.swift */ = {isa = PBXFileReference; lastKnownFileType = sourcecode.swift; path = ViewController.swift; sourceTree = "<group>"; };
		A10AFDA621DF620100205838 /* Base */ = {isa = PBXFileReference; lastKnownFileType = file.storyboard; name = Base; path = Base.lproj/Main.storyboard; sourceTree = "<group>"; };
		A10AFDA821DF620300205838 /* Assets.xcassets */ = {isa = PBXFileReference; lastKnownFileType = folder.assetcatalog; path = Assets.xcassets; sourceTree = "<group>"; };
		A10AFDAB21DF620300205838 /* Base */ = {isa = PBXFileReference; lastKnownFileType = file.storyboard; name = Base; path = Base.lproj/LaunchScreen.storyboard; sourceTree = "<group>"; };
		A10AFDAD21DF620300205838 /* Info.plist */ = {isa = PBXFileReference; lastKnownFileType = text.plist.xml; path = Info.plist; sourceTree = "<group>"; };
		A10AFDB221DF620300205838 /* defaltshare ex1Tests.xctest */ = {isa = PBXFileReference; explicitFileType = wrapper.cfbundle; includeInIndex = 0; path = "defaltshare ex1Tests.xctest"; sourceTree = BUILT_PRODUCTS_DIR; };
		A10AFDB621DF620300205838 /* defaltshare_ex1Tests.swift */ = {isa = PBXFileReference; lastKnownFileType = sourcecode.swift; path = defaltshare_ex1Tests.swift; sourceTree = "<group>"; };
		A10AFDB821DF620300205838 /* Info.plist */ = {isa = PBXFileReference; lastKnownFileType = text.plist.xml; path = Info.plist; sourceTree = "<group>"; };
		A10AFDBD21DF620300205838 /* defaltshare ex1UITests.xctest */ = {isa = PBXFileReference; explicitFileType = wrapper.cfbundle; includeInIndex = 0; path = "defaltshare ex1UITests.xctest"; sourceTree = BUILT_PRODUCTS_DIR; };
		A10AFDC121DF620300205838 /* defaltshare_ex1UITests.swift */ = {isa = PBXFileReference; lastKnownFileType = sourcecode.swift; path = defaltshare_ex1UITests.swift; sourceTree = "<group>"; };
		A10AFDC321DF620300205838 /* Info.plist */ = {isa = PBXFileReference; lastKnownFileType = text.plist.xml; path = Info.plist; sourceTree = "<group>"; };
/* End PBXFileReference section */

/* Begin PBXFrameworksBuildPhase section */
		A10AFD9B21DF620100205838 /* Frameworks */ = {
			isa = PBXFrameworksBuildPhase;
			buildActionMask = 2147483647;
			files = (
			);
			runOnlyForDeploymentPostprocessing = 0;
		};
		A10AFDAF21DF620300205838 /* Frameworks */ = {
			isa = PBXFrameworksBuildPhase;
			buildActionMask = 2147483647;
			files = (
			);
			runOnlyForDeploymentPostprocessing = 0;
		};
		A10AFDBA21DF620300205838 /* Frameworks */ = {
			isa = PBXFrameworksBuildPhase;
			buildActionMask = 2147483647;
			files = (
			);
			runOnlyForDeploymentPostprocessing = 0;
		};
/* End PBXFrameworksBuildPhase section */

/* Begin PBXGroup section */
		A10AFD9521DF620100205838 = {
			isa = PBXGroup;
			children = (
				A10AFDA021DF620100205838 /* defaltshare ex1 */,
				A10AFDB521DF620300205838 /* defaltshare ex1Tests */,
				A10AFDC021DF620300205838 /* defaltshare ex1UITests */,
				A10AFD9F21DF620100205838 /* Products */,
			);
			sourceTree = "<group>";
		};
		A10AFD9F21DF620100205838 /* Products */ = {
			isa = PBXGroup;
			children = (
				A10AFD9E21DF620100205838 /* defaltshare ex1.app */,
				A10AFDB221DF620300205838 /* defaltshare ex1Tests.xctest */,
				A10AFDBD21DF620300205838 /* defaltshare ex1UITests.xctest */,
			);
			name = Products;
			sourceTree = "<group>";
		};
		A10AFDA021DF620100205838 /* defaltshare ex1 */ = {
			isa = PBXGroup;
			children = (
				A10AFDA121DF620100205838 /* AppDelegate.swift */,
				A10AFDA321DF620100205838 /* ViewController.swift */,
				A10AFDA521DF620100205838 /* Main.storyboard */,
				A10AFDA821DF620300205838 /* Assets.xcassets */,
				A10AFDAA21DF620300205838 /* LaunchScreen.storyboard */,
				A10AFDAD21DF620300205838 /* Info.plist */,
			);
			path = "defaltshare ex1";
			sourceTree = "<group>";
		};
		A10AFDB521DF620300205838 /* defaltshare ex1Tests */ = {
			isa = PBXGroup;
			children = (
				A10AFDB621DF620300205838 /* defaltshare_ex1Tests.swift */,
				A10AFDB821DF620300205838 /* Info.plist */,
			);
			path = "defaltshare ex1Tests";
			sourceTree = "<group>";
		};
		A10AFDC021DF620300205838 /* defaltshare ex1UITests */ = {
			isa = PBXGroup;
			children = (
				A10AFDC121DF620300205838 /* defaltshare_ex1UITests.swift */,
				A10AFDC321DF620300205838 /* Info.plist */,
			);
			path = "defaltshare ex1UITests";
			sourceTree = "<group>";
		};
/* End PBXGroup section */

/* Begin PBXNativeTarget section */
		A10AFD9D21DF620100205838 /* defaltshare ex1 */ = {
			isa = PBXNativeTarget;
			buildConfigurationList = A10AFDC621DF620300205838 /* Build configuration list for PBXNativeTarget "defaltshare ex1" */;
			buildPhases = (
				A10AFD9A21DF620100205838 /* Sources */,
				A10AFD9B21DF620100205838 /* Frameworks */,
				A10AFD9C21DF620100205838 /* Resources */,
			);
			buildRules = (
			);
			dependencies = (
			);
			name = "defaltshare ex1";
			productName = "defaltshare ex1";
			productReference = A10AFD9E21DF620100205838 /* defaltshare ex1.app */;
			productType = "com.apple.product-type.application";
		};
		A10AFDB121DF620300205838 /* defaltshare ex1Tests */ = {
			isa = PBXNativeTarget;
			buildConfigurationList = A10AFDC921DF620300205838 /* Build configuration list for PBXNativeTarget "defaltshare ex1Tests" */;
			buildPhases = (
				A10AFDAE21DF620300205838 /* Sources */,
				A10AFDAF21DF620300205838 /* Frameworks */,
				A10AFDB021DF620300205838 /* Resources */,
			);
			buildRules = (
			);
			dependencies = (
				A10AFDB421DF620300205838 /* PBXTargetDependency */,
			);
			name = "defaltshare ex1Tests";
			productName = "defaltshare ex1Tests";
			productReference = A10AFDB221DF620300205838 /* defaltshare ex1Tests.xctest */;
			productType = "com.apple.product-type.bundle.unit-test";
		};
		A10AFDBC21DF620300205838 /* defaltshare ex1UITests */ = {
			isa = PBXNativeTarget;
			buildConfigurationList = A10AFDCC21DF620300205838 /* Build configuration list for PBXNativeTarget "defaltshare ex1UITests" */;
			buildPhases = (
				A10AFDB921DF620300205838 /* Sources */,
				A10AFDBA21DF620300205838 /* Frameworks */,
				A10AFDBB21DF620300205838 /* Resources */,
			);
			buildRules = (
			);
			dependencies = (
				A10AFDBF21DF620300205838 /* PBXTargetDependency */,
			);
			name = "defaltshare ex1UITests";
			productName = "defaltshare ex1UITests";
			productReference = A10AFDBD21DF620300205838 /* defaltshare ex1UITests.xctest */;
			productType = "com.apple.product-type.bundle.ui-testing";
		};
/* End PBXNativeTarget section */

/* Begin PBXProject section */
		A10AFD9621DF620100205838 /* Project object */ = {
			isa = PBXProject;
			attributes = {
				LastSwiftUpdateCheck = 0940;
				LastUpgradeCheck = 0940;
				ORGANIZATIONNAME = INDIA;
				TargetAttributes = {
					A10AFD9D21DF620100205838 = {
						CreatedOnToolsVersion = 9.4.1;
					};
					A10AFDB121DF620300205838 = {
						CreatedOnToolsVersion = 9.4.1;
						TestTargetID = A10AFD9D21DF620100205838;
					};
					A10AFDBC21DF620300205838 = {
						CreatedOnToolsVersion = 9.4.1;
						TestTargetID = A10AFD9D21DF620100205838;
					};
				};
			};
			buildConfigurationList = A10AFD9921DF620100205838 /* Build configuration list for PBXProject "defaltshare ex1" */;
			compatibilityVersion = "Xcode 9.3";
			developmentRegion = en;
			hasScannedForEncodings = 0;
			knownRegions = (
				en,
				Base,
			);
			mainGroup = A10AFD9521DF620100205838;
			productRefGroup = A10AFD9F21DF620100205838 /* Products */;
			projectDirPath = "";
			projectRoot = "";
			targets = (
				A10AFD9D21DF620100205838 /* defaltshare ex1 */,
				A10AFDB121DF620300205838 /* defaltshare ex1Tests */,
				A10AFDBC21DF620300205838 /* defaltshare ex1UITests */,
			);
		};
/* End PBXProject section */

/* Begin PBXResourcesBuildPhase section */
		A10AFD9C21DF620100205838 /* Resources */ = {
			isa = PBXResourcesBuildPhase;
			buildActionMask = 2147483647;
			files = (
				A10AFDAC21DF620300205838 /* LaunchScreen.storyboard in Resources */,
				A10AFDA921DF620300205838 /* Assets.xcassets in Resources */,
				A10AFDA721DF620100205838 /* Main.storyboard in Resources */,
			);
			runOnlyForDeploymentPostprocessing = 0;
		};
		A10AFDB021DF620300205838 /* Resources */ = {
			isa = PBXResourcesBuildPhase;
			buildActionMask = 2147483647;
			files = (
			);
			runOnlyForDeploymentPostprocessing = 0;
		};
		A10AFDBB21DF620300205838 /* Resources */ = {
			isa = PBXResourcesBuildPhase;
			buildActionMask = 2147483647;
			files = (
			);
			runOnlyForDeploymentPostprocessing = 0;
		};
/* End PBXResourcesBuildPhase section */

/* Begin PBXSourcesBuildPhase section */
		A10AFD9A21DF620100205838 /* Sources */ = {
			isa = PBXSourcesBuildPhase;
			buildActionMask = 2147483647;
			files = (
				A10AFDA421DF620100205838 /* ViewController.swift in Sources */,
				A10AFDA221DF620100205838 /* AppDelegate.swift in Sources */,
			);
			runOnlyForDeploymentPostprocessing = 0;
		};
		A10AFDAE21DF620300205838 /* Sources */ = {
			isa = PBXSourcesBuildPhase;
			buildActionMask = 2147483647;
			files = (
				A10AFDB721DF620300205838 /* defaltshare_ex1Tests.swift in Sources */,
			);
			runOnlyForDeploymentPostprocessing = 0;
		};
		A10AFDB921DF620300205838 /* Sources */ = {
			isa = PBXSourcesBuildPhase;
			buildActionMask = 2147483647;
			files = (
				A10AFDC221DF620300205838 /* defaltshare_ex1UITests.swift in Sources */,
			);
			runOnlyForDeploymentPostprocessing = 0;
		};
/* End PBXSourcesBuildPhase section */

/* Begin PBXTargetDependency section */
		A10AFDB421DF620300205838 /* PBXTargetDependency */ = {
			isa = PBXTargetDependency;
			target = A10AFD9D21DF620100205838 /* defaltshare ex1 */;
			targetProxy = A10AFDB321DF620300205838 /* PBXContainerItemProxy */;
		};
		A10AFDBF21DF620300205838 /* PBXTargetDependency */ = {
			isa = PBXTargetDependency;
			target = A10AFD9D21DF620100205838 /* defaltshare ex1 */;
			targetProxy = A10AFDBE21DF620300205838 /* PBXContainerItemProxy */;
		};
/* End PBXTargetDependency section */

/* Begin PBXVariantGroup section */
		A10AFDA521DF620100205838 /* Main.storyboard */ = {
			isa = PBXVariantGroup;
			children = (
				A10AFDA621DF620100205838 /* Base */,
			);
			name = Main.storyboard;
			sourceTree = "<group>";
		};
		A10AFDAA21DF620300205838 /* LaunchScreen.storyboard */ = {
			isa = PBXVariantGroup;
			children = (
				A10AFDAB21DF620300205838 /* Base */,
			);
			name = LaunchScreen.storyboard;
			sourceTree = "<group>";
		};
/* End PBXVariantGroup section */

/* Begin XCBuildConfiguration section */
		A10AFDC421DF620300205838 /* Debug */ = {
			isa = XCBuildConfiguration;
			buildSettings = {
				ALWAYS_SEARCH_USER_PATHS = NO;
				CLANG_ANALYZER_NONNULL = YES;
				CLANG_ANALYZER_NUMBER_OBJECT_CONVERSION = YES_AGGRESSIVE;
				CLANG_CXX_LANGUAGE_STANDARD = "gnu++14";
				CLANG_CXX_LIBRARY = "libc++";
				CLANG_ENABLE_MODULES = YES;
				CLANG_ENABLE_OBJC_ARC = YES;
				CLANG_ENABLE_OBJC_WEAK = YES;
				CLANG_WARN_BLOCK_CAPTURE_AUTORELEASING = YES;
				CLANG_WARN_BOOL_CONVERSION = YES;
				CLANG_WARN_COMMA = YES;
				CLANG_WARN_CONSTANT_CONVERSION = YES;
				CLANG_WARN_DEPRECATED_OBJC_IMPLEMENTATIONS = YES;
				CLANG_WARN_DIRECT_OBJC_ISA_USAGE = YES_ERROR;
				CLANG_WARN_DOCUMENTATION_COMMENTS = YES;
				CLANG_WARN_EMPTY_BODY = YES;
				CLANG_WARN_ENUM_CONVERSION = YES;
				CLANG_WARN_INFINITE_RECURSION = YES;
				CLANG_WARN_INT_CONVERSION = YES;
				CLANG_WARN_NON_LITERAL_NULL_CONVERSION = YES;
				CLANG_WARN_OBJC_IMPLICIT_RETAIN_SELF = YES;
				CLANG_WARN_OBJC_LITERAL_CONVERSION = YES;
				CLANG_WARN_OBJC_ROOT_CLASS = YES_ERROR;
				CLANG_WARN_RANGE_LOOP_ANALYSIS = YES;
				CLANG_WARN_STRICT_PROTOTYPES = YES;
				CLANG_WARN_SUSPICIOUS_MOVE = YES;
				CLANG_WARN_UNGUARDED_AVAILABILITY = YES_AGGRESSIVE;
				CLANG_WARN_UNREACHABLE_CODE = YES;
				CLANG_WARN__DUPLICATE_METHOD_MATCH = YES;
				CODE_SIGN_IDENTITY = "iPhone Developer";
				COPY_PHASE_STRIP = NO;
				DEBUG_INFORMATION_FORMAT = dwarf;
				ENABLE_STRICT_OBJC_MSGSEND = YES;
				ENABLE_TESTABILITY = YES;
				GCC_C_LANGUAGE_STANDARD = gnu11;
				GCC_DYNAMIC_NO_PIC = NO;
				GCC_NO_COMMON_BLOCKS = YES;
				GCC_OPTIMIZATION_LEVEL = 0;
				GCC_PREPROCESSOR_DEFINITIONS = (
					"DEBUG=1",
					"$(inherited)",
				);
				GCC_WARN_64_TO_32_BIT_CONVERSION = YES;
				GCC_WARN_ABOUT_RETURN_TYPE = YES_ERROR;
				GCC_WARN_UNDECLARED_SELECTOR = YES;
				GCC_WARN_UNINITIALIZED_AUTOS = YES_AGGRESSIVE;
				GCC_WARN_UNUSED_FUNCTION = YES;
				GCC_WARN_UNUSED_VARIABLE = YES;
				IPHONEOS_DEPLOYMENT_TARGET = 11.4;
				MTL_ENABLE_DEBUG_INFO = YES;
				ONLY_ACTIVE_ARCH = YES;
				SDKROOT = iphoneos;
				SWIFT_ACTIVE_COMPILATION_CONDITIONS = DEBUG;
				SWIFT_OPTIMIZATION_LEVEL = "-Onone";
			};
			name = Debug;
		};
		A10AFDC521DF620300205838 /* Release */ = {
			isa = XCBuildConfiguration;
			buildSettings = {
				ALWAYS_SEARCH_USER_PATHS = NO;
				CLANG_ANALYZER_NONNULL = YES;
				CLANG_ANALYZER_NUMBER_OBJECT_CONVERSION = YES_AGGRESSIVE;
				CLANG_CXX_LANGUAGE_STANDARD = "gnu++14";
				CLANG_CXX_LIBRARY = "libc++";
				CLANG_ENABLE_MODULES = YES;
				CLANG_ENABLE_OBJC_ARC = YES;
				CLANG_ENABLE_OBJC_WEAK = YES;
				CLANG_WARN_BLOCK_CAPTURE_AUTORELEASING = YES;
				CLANG_WARN_BOOL_CONVERSION = YES;
				CLANG_WARN_COMMA = YES;
				CLANG_WARN_CONSTANT_CONVERSION = YES;
				CLANG_WARN_DEPRECATED_OBJC_IMPLEMENTATIONS = YES;
				CLANG_WARN_DIRECT_OBJC_ISA_USAGE = YES_ERROR;
				CLANG_WARN_DOCUMENTATION_COMMENTS = YES;
				CLANG_WARN_EMPTY_BODY = YES;
				CLANG_WARN_ENUM_CONVERSION = YES;
				CLANG_WARN_INFINITE_RECURSION = YES;
				CLANG_WARN_INT_CONVERSION = YES;
				CLANG_WARN_NON_LITERAL_NULL_CONVERSION = YES;
				CLANG_WARN_OBJC_IMPLICIT_RETAIN_SELF = YES;
				CLANG_WARN_OBJC_LITERAL_CONVERSION = YES;
				CLANG_WARN_OBJC_ROOT_CLASS = YES_ERROR;
				CLANG_WARN_RANGE_LOOP_ANALYSIS = YES;
				CLANG_WARN_STRICT_PROTOTYPES = YES;
				CLANG_WARN_SUSPICIOUS_MOVE = YES;
				CLANG_WARN_UNGUARDED_AVAILABILITY = YES_AGGRESSIVE;
				CLANG_WARN_UNREACHABLE_CODE = YES;
				CLANG_WARN__DUPLICATE_METHOD_MATCH = YES;
				CODE_SIGN_IDENTITY = "iPhone Developer";
				COPY_PHASE_STRIP = NO;
				DEBUG_INFORMATION_FORMAT = "dwarf-with-dsym";
				ENABLE_NS_ASSERTIONS = NO;
				ENABLE_STRICT_OBJC_MSGSEND = YES;
				GCC_C_LANGUAGE_STANDARD = gnu11;
				GCC_NO_COMMON_BLOCKS = YES;
				GCC_WARN_64_TO_32_BIT_CONVERSION = YES;
				GCC_WARN_ABOUT_RETURN_TYPE = YES_ERROR;
				GCC_WARN_UNDECLARED_SELECTOR = YES;
				GCC_WARN_UNINITIALIZED_AUTOS = YES_AGGRESSIVE;
				GCC_WARN_UNUSED_FUNCTION = YES;
				GCC_WARN_UNUSED_VARIABLE = YES;
				IPHONEOS_DEPLOYMENT_TARGET = 11.4;
				MTL_ENABLE_DEBUG_INFO = NO;
				SDKROOT = iphoneos;
				SWIFT_COMPILATION_MODE = wholemodule;
				SWIFT_OPTIMIZATION_LEVEL = "-O";
				VALIDATE_PRODUCT = YES;
			};
			name = Release;
		};
		A10AFDC721DF620300205838 /* Debug */ = {
			isa = XCBuildConfiguration;
			buildSettings = {
				ASSETCATALOG_COMPILER_APPICON_NAME = AppIcon;
				CODE_SIGN_STYLE = Automatic;
				INFOPLIST_FILE = "defaltshare ex1/Info.plist";
				LD_RUNPATH_SEARCH_PATHS = (
					"$(inherited)",
					"@executable_path/Frameworks",
				);
				PRODUCT_BUNDLE_IDENTIFIER = "demo1.defaltshare-ex1";
				PRODUCT_NAME = "$(TARGET_NAME)";
				SWIFT_VERSION = 4.0;
				TARGETED_DEVICE_FAMILY = "1,2";
			};
			name = Debug;
		};
		A10AFDC821DF620300205838 /* Release */ = {
			isa = XCBuildConfiguration;
			buildSettings = {
				ASSETCATALOG_COMPILER_APPICON_NAME = AppIcon;
				CODE_SIGN_STYLE = Automatic;
				INFOPLIST_FILE = "defaltshare ex1/Info.plist";
				LD_RUNPATH_SEARCH_PATHS = (
					"$(inherited)",
					"@executable_path/Frameworks",
				);
				PRODUCT_BUNDLE_IDENTIFIER = "demo1.defaltshare-ex1";
				PRODUCT_NAME = "$(TARGET_NAME)";
				SWIFT_VERSION = 4.0;
				TARGETED_DEVICE_FAMILY = "1,2";
			};
			name = Release;
		};
		A10AFDCA21DF620300205838 /* Debug */ = {
			isa = XCBuildConfiguration;
			buildSettings = {
				ALWAYS_EMBED_SWIFT_STANDARD_LIBRARIES = YES;
				BUNDLE_LOADER = "$(TEST_HOST)";
				CODE_SIGN_STYLE = Automatic;
				INFOPLIST_FILE = "defaltshare ex1Tests/Info.plist";
				LD_RUNPATH_SEARCH_PATHS = (
					"$(inherited)",
					"@executable_path/Frameworks",
					"@loader_path/Frameworks",
				);
				PRODUCT_BUNDLE_IDENTIFIER = "demo1.defaltshare-ex1Tests";
				PRODUCT_NAME = "$(TARGET_NAME)";
				SWIFT_VERSION = 4.0;
				TARGETED_DEVICE_FAMILY = "1,2";
				TEST_HOST = "$(BUILT_PRODUCTS_DIR)/defaltshare ex1.app/defaltshare ex1";
			};
			name = Debug;
		};
		A10AFDCB21DF620300205838 /* Release */ = {
			isa = XCBuildConfiguration;
			buildSettings = {
				ALWAYS_EMBED_SWIFT_STANDARD_LIBRARIES = YES;
				BUNDLE_LOADER = "$(TEST_HOST)";
				CODE_SIGN_STYLE = Automatic;
				INFOPLIST_FILE = "defaltshare ex1Tests/Info.plist";
				LD_RUNPATH_SEARCH_PATHS = (
					"$(inherited)",
					"@executable_path/Frameworks",
					"@loader_path/Frameworks",
				);
				PRODUCT_BUNDLE_IDENTIFIER = "demo1.defaltshare-ex1Tests";
				PRODUCT_NAME = "$(TARGET_NAME)";
				SWIFT_VERSION = 4.0;
				TARGETED_DEVICE_FAMILY = "1,2";
				TEST_HOST = "$(BUILT_PRODUCTS_DIR)/defaltshare ex1.app/defaltshare ex1";
			};
			name = Release;
		};
		A10AFDCD21DF620300205838 /* Debug */ = {
			isa = XCBuildConfiguration;
			buildSettings = {
				ALWAYS_EMBED_SWIFT_STANDARD_LIBRARIES = YES;
				CODE_SIGN_STYLE = Automatic;
				INFOPLIST_FILE = "defaltshare ex1UITests/Info.plist";
				LD_RUNPATH_SEARCH_PATHS = (
					"$(inherited)",
					"@executable_path/Frameworks",
					"@loader_path/Frameworks",
				);
				PRODUCT_BUNDLE_IDENTIFIER = "demo1.defaltshare-ex1UITests";
				PRODUCT_NAME = "$(TARGET_NAME)";
				SWIFT_VERSION = 4.0;
				TARGETED_DEVICE_FAMILY = "1,2";
				TEST_TARGET_NAME = "defaltshare ex1";
			};
			name = Debug;
		};
		A10AFDCE21DF620300205838 /* Release */ = {
			isa = XCBuildConfiguration;
			buildSettings = {
				ALWAYS_EMBED_SWIFT_STANDARD_LIBRARIES = YES;
				CODE_SIGN_STYLE = Automatic;
				INFOPLIST_FILE = "defaltshare ex1UITests/Info.plist";
				LD_RUNPATH_SEARCH_PATHS = (
					"$(inherited)",
					"@executable_path/Frameworks",
					"@loader_path/Frameworks",
				);
				PRODUCT_BUNDLE_IDENTIFIER = "demo1.defaltshare-ex1UITests";
				PRODUCT_NAME = "$(TARGET_NAME)";
				SWIFT_VERSION = 4.0;
				TARGETED_DEVICE_FAMILY = "1,2";
				TEST_TARGET_NAME = "defaltshare ex1";
			};
			name = Release;
		};
/* End XCBuildConfiguration section */

/* Begin XCConfigurationList section */
		A10AFD9921DF620100205838 /* Build configuration list for PBXProject "defaltshare ex1" */ = {
			isa = XCConfigurationList;
			buildConfigurations = (
				A10AFDC421DF620300205838 /* Debug */,
				A10AFDC521DF620300205838 /* Release */,
			);
			defaultConfigurationIsVisible = 0;
			defaultConfigurationName = Release;
		};
		A10AFDC621DF620300205838 /* Build configuration list for PBXNativeTarget "defaltshare ex1" */ = {
			isa = XCConfigurationList;
			buildConfigurations = (
				A10AFDC721DF620300205838 /* Debug */,
				A10AFDC821DF620300205838 /* Release */,
			);
			defaultConfigurationIsVisible = 0;
			defaultConfigurationName = Release;
		};
		A10AFDC921DF620300205838 /* Build configuration list for PBXNativeTarget "defaltshare ex1Tests" */ = {
			isa = XCConfigurationList;
			buildConfigurations = (
				A10AFDCA21DF620300205838 /* Debug */,
				A10AFDCB21DF620300205838 /* Release */,
			);
			defaultConfigurationIsVisible = 0;
			defaultConfigurationName = Release;
		};
		A10AFDCC21DF620300205838 /* Build configuration list for PBXNativeTarget "defaltshare ex1UITests" */ = {
			isa = XCConfigurationList;
			buildConfigurations = (
				A10AFDCD21DF620300205838 /* Debug */,
				A10AFDCE21DF620300205838 /* Release */,
			);
			defaultConfigurationIsVisible = 0;
			defaultConfigurationName = Release;
		};
/* End XCConfigurationList section */
	};
	rootObject = A10AFD9621DF620100205838 /* Project object */;
}
